
Microsoft Visual Studio Solution File, Format Version 12.00
# Visual Studio 15
VisualStudioVersion = 15.0.28307.106
MinimumVisualStudioVersion = 10.0.40219.1
Project("{FAE04EC0-301F-11D3-BF4B-00C04F79EFBC}") = "KL", "KL.csproj", "{1C572D0D-D483-4510-AC85-2AF4432D7EB2}"
EndProject
Global
	GlobalSection(SolutionConfigurationPlatforms) = preSolution
		Debug|Any CPU = Debug|Any CPU
		Release|Any CPU = Release|Any CPU
	EndGlobalSection
	GlobalSection(ProjectConfigurationPlatforms) = postSolution
		{1C572D0D-D483-4510-AC85-2AF4432D7EB2}.Debug|Any CPU.ActiveCfg = Debug|Any CPU
		{1C572D0D-D483-4510-AC85-2AF4432D7EB2}.Debug|Any CPU.Build.0 = Debug|Any CPU
		{1C572D0D-D483-4510-AC85-2AF4432D7EB2}.Release|Any CPU.ActiveCfg = Release|Any CPU
		{1C572D0D-D483-4510-AC85-2AF4432D7EB2}.Release|Any CPU.Build.0 = Release|Any CPU
	EndGlobalSection
	GlobalSection(SolutionProperties) = preSolution
		HideSolutionNode = FALSE
	EndGlobalSection
	GlobalSection(ExtensibilityGlobals) = postSolution
		SolutionGuid = {94D32F1C-7E98-474C-9CC8-67BFEFDD8E62}
	EndGlobalSection
EndGlobal
